
Microsoft Visual Studio Solution File, Format Version 12.00
# Visual Studio 14
VisualStudioVersion = 14.0.25123.0
MinimumVisualStudioVersion = 10.0.40219.1
Project("{FAE04EC0-301F-11D3-BF4B-00C04F79EFBC}") = "UploadToServer.Droid", "UploadToServer\UploadToServer.Droid\UploadToServer.Droid.csproj", "{C8793EE0-D8A0-4D8C-85A6-5C6E7C2C4B79}"
EndProject
Project("{FAE04EC0-301F-11D3-BF4B-00C04F79EFBC}") = "UploadToServer.iOS", "UploadToServer\UploadToServer.iOS\UploadToServer.iOS.csproj", "{E16CB227-AE19-455D-913E-5AE79849E38C}"
EndProject
Project("{FAE04EC0-301F-11D3-BF4B-00C04F79EFBC}") = "UploadToServer.WinPhone", "UploadToServer\UploadToServer.WinPhone\UploadToServer.WinPhone.csproj", "{7D2BBC8C-358B-4476-AAAC-435C232D3B83}"
EndProject
Project("{FAE04EC0-301F-11D3-BF4B-00C04F79EFBC}") = "UploadToServer.UWP", "UploadToServer\UploadToServer.UWP\UploadToServer.UWP.csproj", "{449D0BF8-BF56-4EF0-8C1A-AA7E30AD0EC9}"
EndProject
Project("{FAE04EC0-301F-11D3-BF4B-00C04F79EFBC}") = "UploadToServer.Windows", "UploadToServer\UploadToServer.Windows\UploadToServer.Windows.csproj", "{C228C473-CF1D-44FA-8544-6D5FC0F50664}"
EndProject
Project("{FAE04EC0-301F-11D3-BF4B-00C04F79EFBC}") = "UploadToServer", "UploadToServer\UploadToServer\UploadToServer.csproj", "{D82FC3B4-FBA0-43DD-8B8B-8F163C399339}"
EndProject
Project("{2150E333-8FDC-42A3-9474-1A3956D46DE8}") = "Server", "Server", "{35857AE7-DDAB-479A-9174-6794F9F4EACC}"
EndProject
Project("{FAE04EC0-301F-11D3-BF4B-00C04F79EFBC}") = "UploadToServer.Server", "UploadToServer.Server\UploadToServer.Server.csproj", "{7CC10B81-200D-4721-8EC7-AFDAE7B8D685}"
EndProject
Global
	GlobalSection(SolutionConfigurationPlatforms) = preSolution
		Ad-Hoc|Any CPU = Ad-Hoc|Any CPU
		Ad-Hoc|ARM = Ad-Hoc|ARM
		Ad-Hoc|iPhone = Ad-Hoc|iPhone
		Ad-Hoc|iPhoneSimulator = Ad-Hoc|iPhoneSimulator
		Ad-Hoc|x64 = Ad-Hoc|x64
		Ad-Hoc|x86 = Ad-Hoc|x86
		AppStore|Any CPU = AppStore|Any CPU
		AppStore|ARM = AppStore|ARM
		AppStore|iPhone = AppStore|iPhone
		AppStore|iPhoneSimulator = AppStore|iPhoneSimulator
		AppStore|x64 = AppStore|x64
		AppStore|x86 = AppStore|x86
		Debug|Any CPU = Debug|Any CPU
		Debug|ARM = Debug|ARM
		Debug|iPhone = Debug|iPhone
		Debug|iPhoneSimulator = Debug|iPhoneSimulator
		Debug|x64 = Debug|x64
		Debug|x86 = Debug|x86
		Release|Any CPU = Release|Any CPU
		Release|ARM = Release|ARM
		Release|iPhone = Release|iPhone
		Release|iPhoneSimulator = Release|iPhoneSimulator
		Release|x64 = Release|x64
		Release|x86 = Release|x86
	EndGlobalSection
	GlobalSection(ProjectConfigurationPlatforms) = postSolution
		{C8793EE0-D8A0-4D8C-85A6-5C6E7C2C4B79}.Ad-Hoc|Any CPU.ActiveCfg = Release|Any CPU
		{C8793EE0-D8A0-4D8C-85A6-5C6E7C2C4B79}.Ad-Hoc|Any CPU.Build.0 = Release|Any CPU
		{C8793EE0-D8A0-4D8C-85A6-5C6E7C2C4B79}.Ad-Hoc|Any CPU.Deploy.0 = Release|Any CPU
		{C8793EE0-D8A0-4D8C-85A6-5C6E7C2C4B79}.Ad-Hoc|ARM.ActiveCfg = Release|Any CPU
		{C8793EE0-D8A0-4D8C-85A6-5C6E7C2C4B79}.Ad-Hoc|ARM.Build.0 = Release|Any CPU
		{C8793EE0-D8A0-4D8C-85A6-5C6E7C2C4B79}.Ad-Hoc|ARM.Deploy.0 = Release|Any CPU
		{C8793EE0-D8A0-4D8C-85A6-5C6E7C2C4B79}.Ad-Hoc|iPhone.ActiveCfg = Release|Any CPU
		{C8793EE0-D8A0-4D8C-85A6-5C6E7C2C4B79}.Ad-Hoc|iPhone.Build.0 = Release|Any CPU
		{C8793EE0-D8A0-4D8C-85A6-5C6E7C2C4B79}.Ad-Hoc|iPhone.Deploy.0 = Release|Any CPU
		{C8793EE0-D8A0-4D8C-85A6-5C6E7C2C4B79}.Ad-Hoc|iPhoneSimulator.ActiveCfg = Release|Any CPU
		{C8793EE0-D8A0-4D8C-85A6-5C6E7C2C4B79}.Ad-Hoc|iPhoneSimulator.Build.0 = Release|Any CPU
		{C8793EE0-D8A0-4D8C-85A6-5C6E7C2C4B79}.Ad-Hoc|iPhoneSimulator.Deploy.0 = Release|Any CPU
		{C8793EE0-D8A0-4D8C-85A6-5C6E7C2C4B79}.Ad-Hoc|x64.ActiveCfg = Release|Any CPU
		{C8793EE0-D8A0-4D8C-85A6-5C6E7C2C4B79}.Ad-Hoc|x64.Build.0 = Release|Any CPU
		{C8793EE0-D8A0-4D8C-85A6-5C6E7C2C4B79}.Ad-Hoc|x64.Deploy.0 = Release|Any CPU
		{C8793EE0-D8A0-4D8C-85A6-5C6E7C2C4B79}.Ad-Hoc|x86.ActiveCfg = Release|Any CPU
		{C8793EE0-D8A0-4D8C-85A6-5C6E7C2C4B79}.Ad-Hoc|x86.Build.0 = Release|Any CPU
		{C8793EE0-D8A0-4D8C-85A6-5C6E7C2C4B79}.Ad-Hoc|x86.Deploy.0 = Release|Any CPU
		{C8793EE0-D8A0-4D8C-85A6-5C6E7C2C4B79}.AppStore|Any CPU.ActiveCfg = Release|Any CPU
		{C8793EE0-D8A0-4D8C-85A6-5C6E7C2C4B79}.AppStore|Any CPU.Build.0 = Release|Any CPU
		{C8793EE0-D8A0-4D8C-85A6-5C6E7C2C4B79}.AppStore|Any CPU.Deploy.0 = Release|Any CPU
		{C8793EE0-D8A0-4D8C-85A6-5C6E7C2C4B79}.AppStore|ARM.ActiveCfg = Release|Any CPU
		{C8793EE0-D8A0-4D8C-85A6-5C6E7C2C4B79}.AppStore|ARM.Build.0 = Release|Any CPU
		{C8793EE0-D8A0-4D8C-85A6-5C6E7C2C4B79}.AppStore|ARM.Deploy.0 = Release|Any CPU
		{C8793EE0-D8A0-4D8C-85A6-5C6E7C2C4B79}.AppStore|iPhone.ActiveCfg = Release|Any CPU
		{C8793EE0-D8A0-4D8C-85A6-5C6E7C2C4B79}.AppStore|iPhone.Build.0 = Release|Any CPU
		{C8793EE0-D8A0-4D8C-85A6-5C6E7C2C4B79}.AppStore|iPhone.Deploy.0 = Release|Any CPU
		{C8793EE0-D8A0-4D8C-85A6-5C6E7C2C4B79}.AppStore|iPhoneSimulator.ActiveCfg = Release|Any CPU
		{C8793EE0-D8A0-4D8C-85A6-5C6E7C2C4B79}.AppStore|iPhoneSimulator.Build.0 = Release|Any CPU
		{C8793EE0-D8A0-4D8C-85A6-5C6E7C2C4B79}.AppStore|iPhoneSimulator.Deploy.0 = Release|Any CPU
		{C8793EE0-D8A0-4D8C-85A6-5C6E7C2C4B79}.AppStore|x64.ActiveCfg = Release|Any CPU
		{C8793EE0-D8A0-4D8C-85A6-5C6E7C2C4B79}.AppStore|x64.Build.0 = Release|Any CPU
		{C8793EE0-D8A0-4D8C-85A6-5C6E7C2C4B79}.AppStore|x64.Deploy.0 = Release|Any CPU
		{C8793EE0-D8A0-4D8C-85A6-5C6E7C2C4B79}.AppStore|x86.ActiveCfg = Release|Any CPU
		{C8793EE0-D8A0-4D8C-85A6-5C6E7C2C4B79}.AppStore|x86.Build.0 = Release|Any CPU
		{C8793EE0-D8A0-4D8C-85A6-5C6E7C2C4B79}.AppStore|x86.Deploy.0 = Release|Any CPU
		{C8793EE0-D8A0-4D8C-85A6-5C6E7C2C4B79}.Debug|Any CPU.ActiveCfg = Debug|Any CPU
		{C8793EE0-D8A0-4D8C-85A6-5C6E7C2C4B79}.Debug|Any CPU.Build.0 = Debug|Any CPU
		{C8793EE0-D8A0-4D8C-85A6-5C6E7C2C4B79}.Debug|Any CPU.Deploy.0 = Debug|Any CPU
		{C8793EE0-D8A0-4D8C-85A6-5C6E7C2C4B79}.Debug|ARM.ActiveCfg = Debug|Any CPU
		{C8793EE0-D8A0-4D8C-85A6-5C6E7C2C4B79}.Debug|ARM.Build.0 = Debug|Any CPU
		{C8793EE0-D8A0-4D8C-85A6-5C6E7C2C4B79}.Debug|ARM.Deploy.0 = Debug|Any CPU
		{C8793EE0-D8A0-4D8C-85A6-5C6E7C2C4B79}.Debug|iPhone.ActiveCfg = Debug|Any CPU
		{C8793EE0-D8A0-4D8C-85A6-5C6E7C2C4B79}.Debug|iPhone.Build.0 = Debug|Any CPU
		{C8793EE0-D8A0-4D8C-85A6-5C6E7C2C4B79}.Debug|iPhone.Deploy.0 = Debug|Any CPU
		{C8793EE0-D8A0-4D8C-85A6-5C6E7C2C4B79}.Debug|iPhoneSimulator.ActiveCfg = Debug|Any CPU
		{C8793EE0-D8A0-4D8C-85A6-5C6E7C2C4B79}.Debug|iPhoneSimulator.Build.0 = Debug|Any CPU
		{C8793EE0-D8A0-4D8C-85A6-5C6E7C2C4B79}.Debug|iPhoneSimulator.Deploy.0 = Debug|Any CPU
		{C8793EE0-D8A0-4D8C-85A6-5C6E7C2C4B79}.Debug|x64.ActiveCfg = Debug|Any CPU
		{C8793EE0-D8A0-4D8C-85A6-5C6E7C2C4B79}.Debug|x64.Build.0 = Debug|Any CPU
		{C8793EE0-D8A0-4D8C-85A6-5C6E7C2C4B79}.Debug|x64.Deploy.0 = Debug|Any CPU
		{C8793EE0-D8A0-4D8C-85A6-5C6E7C2C4B79}.Debug|x86.ActiveCfg = Debug|Any CPU
		{C8793EE0-D8A0-4D8C-85A6-5C6E7C2C4B79}.Debug|x86.Build.0 = Debug|Any CPU
		{C8793EE0-D8A0-4D8C-85A6-5C6E7C2C4B79}.Debug|x86.Deploy.0 = Debug|Any CPU
		{C8793EE0-D8A0-4D8C-85A6-5C6E7C2C4B79}.Release|Any CPU.ActiveCfg = Release|Any CPU
		{C8793EE0-D8A0-4D8C-85A6-5C6E7C2C4B79}.Release|Any CPU.Build.0 = Release|Any CPU
		{C8793EE0-D8A0-4D8C-85A6-5C6E7C2C4B79}.Release|Any CPU.Deploy.0 = Release|Any CPU
		{C8793EE0-D8A0-4D8C-85A6-5C6E7C2C4B79}.Release|ARM.ActiveCfg = Release|Any CPU
		{C8793EE0-D8A0-4D8C-85A6-5C6E7C2C4B79}.Release|ARM.Build.0 = Release|Any CPU
		{C8793EE0-D8A0-4D8C-85A6-5C6E7C2C4B79}.Release|ARM.Deploy.0 = Release|Any CPU
		{C8793EE0-D8A0-4D8C-85A6-5C6E7C2C4B79}.Release|iPhone.ActiveCfg = Release|Any CPU
		{C8793EE0-D8A0-4D8C-85A6-5C6E7C2C4B79}.Release|iPhone.Build.0 = Release|Any CPU
		{C8793EE0-D8A0-4D8C-85A6-5C6E7C2C4B79}.Release|iPhone.Deploy.0 = Release|Any CPU
		{C8793EE0-D8A0-4D8C-85A6-5C6E7C2C4B79}.Release|iPhoneSimulator.ActiveCfg = Release|Any CPU
		{C8793EE0-D8A0-4D8C-85A6-5C6E7C2C4B79}.Release|iPhoneSimulator.Build.0 = Release|Any CPU
		{C8793EE0-D8A0-4D8C-85A6-5C6E7C2C4B79}.Release|iPhoneSimulator.Deploy.0 = Release|Any CPU
		{C8793EE0-D8A0-4D8C-85A6-5C6E7C2C4B79}.Release|x64.ActiveCfg = Release|Any CPU
		{C8793EE0-D8A0-4D8C-85A6-5C6E7C2C4B79}.Release|x64.Build.0 = Release|Any CPU
		{C8793EE0-D8A0-4D8C-85A6-5C6E7C2C4B79}.Release|x64.Deploy.0 = Release|Any CPU
		{C8793EE0-D8A0-4D8C-85A6-5C6E7C2C4B79}.Release|x86.ActiveCfg = Release|Any CPU
		{C8793EE0-D8A0-4D8C-85A6-5C6E7C2C4B79}.Release|x86.Build.0 = Release|Any CPU
		{C8793EE0-D8A0-4D8C-85A6-5C6E7C2C4B79}.Release|x86.Deploy.0 = Release|Any CPU
		{E16CB227-AE19-455D-913E-5AE79849E38C}.Ad-Hoc|Any CPU.ActiveCfg = Ad-Hoc|iPhone
		{E16CB227-AE19-455D-913E-5AE79849E38C}.Ad-Hoc|ARM.ActiveCfg = Ad-Hoc|iPhone
		{E16CB227-AE19-455D-913E-5AE79849E38C}.Ad-Hoc|iPhone.ActiveCfg = Ad-Hoc|iPhone
		{E16CB227-AE19-455D-913E-5AE79849E38C}.Ad-Hoc|iPhone.Build.0 = Ad-Hoc|iPhone
		{E16CB227-AE19-455D-913E-5AE79849E38C}.Ad-Hoc|iPhoneSimulator.ActiveCfg = Ad-Hoc|iPhoneSimulator
		{E16CB227-AE19-455D-913E-5AE79849E38C}.Ad-Hoc|iPhoneSimulator.Build.0 = Ad-Hoc|iPhoneSimulator
		{E16CB227-AE19-455D-913E-5AE79849E38C}.Ad-Hoc|x64.ActiveCfg = Ad-Hoc|iPhone
		{E16CB227-AE19-455D-913E-5AE79849E38C}.Ad-Hoc|x86.ActiveCfg = Ad-Hoc|iPhone
		{E16CB227-AE19-455D-913E-5AE79849E38C}.AppStore|Any CPU.ActiveCfg = AppStore|iPhone
		{E16CB227-AE19-455D-913E-5AE79849E38C}.AppStore|ARM.ActiveCfg = AppStore|iPhone
		{E16CB227-AE19-455D-913E-5AE79849E38C}.AppStore|iPhone.ActiveCfg = AppStore|iPhone
		{E16CB227-AE19-455D-913E-5AE79849E38C}.AppStore|iPhone.Build.0 = AppStore|iPhone
		{E16CB227-AE19-455D-913E-5AE79849E38C}.AppStore|iPhoneSimulator.ActiveCfg = AppStore|iPhoneSimulator
		{E16CB227-AE19-455D-913E-5AE79849E38C}.AppStore|iPhoneSimulator.Build.0 = AppStore|iPhoneSimulator
		{E16CB227-AE19-455D-913E-5AE79849E38C}.AppStore|x64.ActiveCfg = AppStore|iPhone
		{E16CB227-AE19-455D-913E-5AE79849E38C}.AppStore|x86.ActiveCfg = AppStore|iPhone
		{E16CB227-AE19-455D-913E-5AE79849E38C}.Debug|Any CPU.ActiveCfg = Debug|iPhone
		{E16CB227-AE19-455D-913E-5AE79849E38C}.Debug|ARM.ActiveCfg = Debug|iPhone
		{E16CB227-AE19-455D-913E-5AE79849E38C}.Debug|iPhone.ActiveCfg = Debug|iPhone
		{E16CB227-AE19-455D-913E-5AE79849E38C}.Debug|iPhone.Build.0 = Debug|iPhone
		{E16CB227-AE19-455D-913E-5AE79849E38C}.Debug|iPhoneSimulator.ActiveCfg = Debug|iPhoneSimulator
		{E16CB227-AE19-455D-913E-5AE79849E38C}.Debug|iPhoneSimulator.Build.0 = Debug|iPhoneSimulator
		{E16CB227-AE19-455D-913E-5AE79849E38C}.Debug|x64.ActiveCfg = Debug|iPhone
		{E16CB227-AE19-455D-913E-5AE79849E38C}.Debug|x86.ActiveCfg = Debug|iPhone
		{E16CB227-AE19-455D-913E-5AE79849E38C}.Release|Any CPU.ActiveCfg = Release|iPhone
		{E16CB227-AE19-455D-913E-5AE79849E38C}.Release|ARM.ActiveCfg = Release|iPhone
		{E16CB227-AE19-455D-913E-5AE79849E38C}.Release|iPhone.ActiveCfg = Release|iPhone
		{E16CB227-AE19-455D-913E-5AE79849E38C}.Release|iPhone.Build.0 = Release|iPhone
		{E16CB227-AE19-455D-913E-5AE79849E38C}.Release|iPhoneSimulator.ActiveCfg = Release|iPhoneSimulator
		{E16CB227-AE19-455D-913E-5AE79849E38C}.Release|iPhoneSimulator.Build.0 = Release|iPhoneSimulator
		{E16CB227-AE19-455D-913E-5AE79849E38C}.Release|x64.ActiveCfg = Release|iPhone
		{E16CB227-AE19-455D-913E-5AE79849E38C}.Release|x86.ActiveCfg = Release|iPhone
		{7D2BBC8C-358B-4476-AAAC-435C232D3B83}.Ad-Hoc|Any CPU.ActiveCfg = Release|Any CPU
		{7D2BBC8C-358B-4476-AAAC-435C232D3B83}.Ad-Hoc|Any CPU.Build.0 = Release|Any CPU
		{7D2BBC8C-358B-4476-AAAC-435C232D3B83}.Ad-Hoc|Any CPU.Deploy.0 = Release|Any CPU
		{7D2BBC8C-358B-4476-AAAC-435C232D3B83}.Ad-Hoc|ARM.ActiveCfg = Release|ARM
		{7D2BBC8C-358B-4476-AAAC-435C232D3B83}.Ad-Hoc|ARM.Build.0 = Release|ARM
		{7D2BBC8C-358B-4476-AAAC-435C232D3B83}.Ad-Hoc|ARM.Deploy.0 = Release|ARM
		{7D2BBC8C-358B-4476-AAAC-435C232D3B83}.Ad-Hoc|iPhone.ActiveCfg = Release|Any CPU
		{7D2BBC8C-358B-4476-AAAC-435C232D3B83}.Ad-Hoc|iPhone.Build.0 = Release|Any CPU
		{7D2BBC8C-358B-4476-AAAC-435C232D3B83}.Ad-Hoc|iPhone.Deploy.0 = Release|Any CPU
		{7D2BBC8C-358B-4476-AAAC-435C232D3B83}.Ad-Hoc|iPhoneSimulator.ActiveCfg = Release|Any CPU
		{7D2BBC8C-358B-4476-AAAC-435C232D3B83}.Ad-Hoc|iPhoneSimulator.Build.0 = Release|Any CPU
		{7D2BBC8C-358B-4476-AAAC-435C232D3B83}.Ad-Hoc|iPhoneSimulator.Deploy.0 = Release|Any CPU
		{7D2BBC8C-358B-4476-AAAC-435C232D3B83}.Ad-Hoc|x64.ActiveCfg = Release|Any CPU
		{7D2BBC8C-358B-4476-AAAC-435C232D3B83}.Ad-Hoc|x64.Build.0 = Release|Any CPU
		{7D2BBC8C-358B-4476-AAAC-435C232D3B83}.Ad-Hoc|x64.Deploy.0 = Release|Any CPU
		{7D2BBC8C-358B-4476-AAAC-435C232D3B83}.Ad-Hoc|x86.ActiveCfg = Release|x86
		{7D2BBC8C-358B-4476-AAAC-435C232D3B83}.Ad-Hoc|x86.Build.0 = Release|x86
		{7D2BBC8C-358B-4476-AAAC-435C232D3B83}.Ad-Hoc|x86.Deploy.0 = Release|x86
		{7D2BBC8C-358B-4476-AAAC-435C232D3B83}.AppStore|Any CPU.ActiveCfg = Release|Any CPU
		{7D2BBC8C-358B-4476-AAAC-435C232D3B83}.AppStore|Any CPU.Build.0 = Release|Any CPU
		{7D2BBC8C-358B-4476-AAAC-435C232D3B83}.AppStore|Any CPU.Deploy.0 = Release|Any CPU
		{7D2BBC8C-358B-4476-AAAC-435C232D3B83}.AppStore|ARM.ActiveCfg = Release|ARM
		{7D2BBC8C-358B-4476-AAAC-435C232D3B83}.AppStore|ARM.Build.0 = Release|ARM
		{7D2BBC8C-358B-4476-AAAC-435C232D3B83}.AppStore|ARM.Deploy.0 = Release|ARM
		{7D2BBC8C-358B-4476-AAAC-435C232D3B83}.AppStore|iPhone.ActiveCfg = Release|Any CPU
		{7D2BBC8C-358B-4476-AAAC-435C232D3B83}.AppStore|iPhone.Build.0 = Release|Any CPU
		{7D2BBC8C-358B-4476-AAAC-435C232D3B83}.AppStore|iPhone.Deploy.0 = Release|Any CPU
		{7D2BBC8C-358B-4476-AAAC-435C232D3B83}.AppStore|iPhoneSimulator.ActiveCfg = Release|Any CPU
		{7D2BBC8C-358B-4476-AAAC-435C232D3B83}.AppStore|iPhoneSimulator.Build.0 = Release|Any CPU
		{7D2BBC8C-358B-4476-AAAC-435C232D3B83}.AppStore|iPhoneSimulator.Deploy.0 = Release|Any CPU
		{7D2BBC8C-358B-4476-AAAC-435C232D3B83}.AppStore|x64.ActiveCfg = Release|Any CPU
		{7D2BBC8C-358B-4476-AAAC-435C232D3B83}.AppStore|x64.Build.0 = Release|Any CPU
		{7D2BBC8C-358B-4476-AAAC-435C232D3B83}.AppStore|x64.Deploy.0 = Release|Any CPU
		{7D2BBC8C-358B-4476-AAAC-435C232D3B83}.AppStore|x86.ActiveCfg = Release|x86
		{7D2BBC8C-358B-4476-AAAC-435C232D3B83}.AppStore|x86.Build.0 = Release|x86
		{7D2BBC8C-358B-4476-AAAC-435C232D3B83}.AppStore|x86.Deploy.0 = Release|x86
		{7D2BBC8C-358B-4476-AAAC-435C232D3B83}.Debug|Any CPU.ActiveCfg = Debug|Any CPU
		{7D2BBC8C-358B-4476-AAAC-435C232D3B83}.Debug|Any CPU.Build.0 = Debug|Any CPU
		{7D2BBC8C-358B-4476-AAAC-435C232D3B83}.Debug|Any CPU.Deploy.0 = Debug|Any CPU
		{7D2BBC8C-358B-4476-AAAC-435C232D3B83}.Debug|ARM.ActiveCfg = Debug|ARM
		{7D2BBC8C-358B-4476-AAAC-435C232D3B83}.Debug|ARM.Build.0 = Debug|ARM
		{7D2BBC8C-358B-4476-AAAC-435C232D3B83}.Debug|ARM.Deploy.0 = Debug|ARM
		{7D2BBC8C-358B-4476-AAAC-435C232D3B83}.Debug|iPhone.ActiveCfg = Debug|Any CPU
		{7D2BBC8C-358B-4476-AAAC-435C232D3B83}.Debug|iPhone.Build.0 = Debug|Any CPU
		{7D2BBC8C-358B-4476-AAAC-435C232D3B83}.Debug|iPhone.Deploy.0 = Debug|Any CPU
		{7D2BBC8C-358B-4476-AAAC-435C232D3B83}.Debug|iPhoneSimulator.ActiveCfg = Debug|Any CPU
		{7D2BBC8C-358B-4476-AAAC-435C232D3B83}.Debug|iPhoneSimulator.Build.0 = Debug|Any CPU
		{7D2BBC8C-358B-4476-AAAC-435C232D3B83}.Debug|iPhoneSimulator.Deploy.0 = Debug|Any CPU
		{7D2BBC8C-358B-4476-AAAC-435C232D3B83}.Debug|x64.ActiveCfg = Debug|Any CPU
		{7D2BBC8C-358B-4476-AAAC-435C232D3B83}.Debug|x64.Build.0 = Debug|Any CPU
		{7D2BBC8C-358B-4476-AAAC-435C232D3B83}.Debug|x64.Deploy.0 = Debug|Any CPU
		{7D2BBC8C-358B-4476-AAAC-435C232D3B83}.Debug|x86.ActiveCfg = Debug|x86
		{7D2BBC8C-358B-4476-AAAC-435C232D3B83}.Debug|x86.Build.0 = Debug|x86
		{7D2BBC8C-358B-4476-AAAC-435C232D3B83}.Debug|x86.Deploy.0 = Debug|x86
		{7D2BBC8C-358B-4476-AAAC-435C232D3B83}.Release|Any CPU.ActiveCfg = Release|Any CPU
		{7D2BBC8C-358B-4476-AAAC-435C232D3B83}.Release|Any CPU.Build.0 = Release|Any CPU
		{7D2BBC8C-358B-4476-AAAC-435C232D3B83}.Release|Any CPU.Deploy.0 = Release|Any CPU
		{7D2BBC8C-358B-4476-AAAC-435C232D3B83}.Release|ARM.ActiveCfg = Release|ARM
		{7D2BBC8C-358B-4476-AAAC-435C232D3B83}.Release|ARM.Build.0 = Release|ARM
		{7D2BBC8C-358B-4476-AAAC-435C232D3B83}.Release|ARM.Deploy.0 = Release|ARM
		{7D2BBC8C-358B-4476-AAAC-435C232D3B83}.Release|iPhone.ActiveCfg = Release|Any CPU
		{7D2BBC8C-358B-4476-AAAC-435C232D3B83}.Release|iPhone.Build.0 = Release|Any CPU
		{7D2BBC8C-358B-4476-AAAC-435C232D3B83}.Release|iPhone.Deploy.0 = Release|Any CPU
		{7D2BBC8C-358B-4476-AAAC-435C232D3B83}.Release|iPhoneSimulator.ActiveCfg = Release|Any CPU
		{7D2BBC8C-358B-4476-AAAC-435C232D3B83}.Release|iPhoneSimulator.Build.0 = Release|Any CPU
		{7D2BBC8C-358B-4476-AAAC-435C232D3B83}.Release|iPhoneSimulator.Deploy.0 = Release|Any CPU
		{7D2BBC8C-358B-4476-AAAC-435C232D3B83}.Release|x64.ActiveCfg = Release|Any CPU
		{7D2BBC8C-358B-4476-AAAC-435C232D3B83}.Release|x64.Build.0 = Release|Any CPU
		{7D2BBC8C-358B-4476-AAAC-435C232D3B83}.Release|x64.Deploy.0 = Release|Any CPU
		{7D2BBC8C-358B-4476-AAAC-435C232D3B83}.Release|x86.ActiveCfg = Release|x86
		{7D2BBC8C-358B-4476-AAAC-435C232D3B83}.Release|x86.Build.0 = Release|x86
		{7D2BBC8C-358B-4476-AAAC-435C232D3B83}.Release|x86.Deploy.0 = Release|x86
		{449D0BF8-BF56-4EF0-8C1A-AA7E30AD0EC9}.Ad-Hoc|Any CPU.ActiveCfg = Release|x86
		{449D0BF8-BF56-4EF0-8C1A-AA7E30AD0EC9}.Ad-Hoc|Any CPU.Build.0 = Release|x86
		{449D0BF8-BF56-4EF0-8C1A-AA7E30AD0EC9}.Ad-Hoc|Any CPU.Deploy.0 = Release|x86
		{449D0BF8-BF56-4EF0-8C1A-AA7E30AD0EC9}.Ad-Hoc|ARM.ActiveCfg = Release|ARM
		{449D0BF8-BF56-4EF0-8C1A-AA7E30AD0EC9}.Ad-Hoc|ARM.Build.0 = Release|ARM
		{449D0BF8-BF56-4EF0-8C1A-AA7E30AD0EC9}.Ad-Hoc|ARM.Deploy.0 = Release|ARM
		{449D0BF8-BF56-4EF0-8C1A-AA7E30AD0EC9}.Ad-Hoc|iPhone.ActiveCfg = Release|x86
		{449D0BF8-BF56-4EF0-8C1A-AA7E30AD0EC9}.Ad-Hoc|iPhone.Build.0 = Release|x86
		{449D0BF8-BF56-4EF0-8C1A-AA7E30AD0EC9}.Ad-Hoc|iPhone.Deploy.0 = Release|x86
		{449D0BF8-BF56-4EF0-8C1A-AA7E30AD0EC9}.Ad-Hoc|iPhoneSimulator.ActiveCfg = Release|x86
		{449D0BF8-BF56-4EF0-8C1A-AA7E30AD0EC9}.Ad-Hoc|iPhoneSimulator.Build.0 = Release|x86
		{449D0BF8-BF56-4EF0-8C1A-AA7E30AD0EC9}.Ad-Hoc|iPhoneSimulator.Deploy.0 = Release|x86
		{449D0BF8-BF56-4EF0-8C1A-AA7E30AD0EC9}.Ad-Hoc|x64.ActiveCfg = Release|x64
		{449D0BF8-BF56-4EF0-8C1A-AA7E30AD0EC9}.Ad-Hoc|x64.Build.0 = Release|x64
		{449D0BF8-BF56-4EF0-8C1A-AA7E30AD0EC9}.Ad-Hoc|x64.Deploy.0 = Release|x64
		{449D0BF8-BF56-4EF0-8C1A-AA7E30AD0EC9}.Ad-Hoc|x86.ActiveCfg = Release|x86
		{449D0BF8-BF56-4EF0-8C1A-AA7E30AD0EC9}.Ad-Hoc|x86.Build.0 = Release|x86
		{449D0BF8-BF56-4EF0-8C1A-AA7E30AD0EC9}.Ad-Hoc|x86.Deploy.0 = Release|x86
		{449D0BF8-BF56-4EF0-8C1A-AA7E30AD0EC9}.AppStore|Any CPU.ActiveCfg = Release|x86
		{449D0BF8-BF56-4EF0-8C1A-AA7E30AD0EC9}.AppStore|Any CPU.Build.0 = Release|x86
		{449D0BF8-BF56-4EF0-8C1A-AA7E30AD0EC9}.AppStore|Any CPU.Deploy.0 = Release|x86
		{449D0BF8-BF56-4EF0-8C1A-AA7E30AD0EC9}.AppStore|ARM.ActiveCfg = Release|ARM
		{449D0BF8-BF56-4EF0-8C1A-AA7E30AD0EC9}.AppStore|ARM.Build.0 = Release|ARM
		{449D0BF8-BF56-4EF0-8C1A-AA7E30AD0EC9}.AppStore|ARM.Deploy.0 = Release|ARM
		{449D0BF8-BF56-4EF0-8C1A-AA7E30AD0EC9}.AppStore|iPhone.ActiveCfg = Release|x86
		{449D0BF8-BF56-4EF0-8C1A-AA7E30AD0EC9}.AppStore|iPhone.Build.0 = Release|x86
		{449D0BF8-BF56-4EF0-8C1A-AA7E30AD0EC9}.AppStore|iPhone.Deploy.0 = Release|x86
		{449D0BF8-BF56-4EF0-8C1A-AA7E30AD0EC9}.AppStore|iPhoneSimulator.ActiveCfg = Release|x86
		{449D0BF8-BF56-4EF0-8C1A-AA7E30AD0EC9}.AppStore|iPhoneSimulator.Build.0 = Release|x86
		{449D0BF8-BF56-4EF0-8C1A-AA7E30AD0EC9}.AppStore|iPhoneSimulator.Deploy.0 = Release|x86
		{449D0BF8-BF56-4EF0-8C1A-AA7E30AD0EC9}.AppStore|x64.ActiveCfg = Release|x64
		{449D0BF8-BF56-4EF0-8C1A-AA7E30AD0EC9}.AppStore|x64.Build.0 = Release|x64
		{449D0BF8-BF56-4EF0-8C1A-AA7E30AD0EC9}.AppStore|x64.Deploy.0 = Release|x64
		{449D0BF8-BF56-4EF0-8C1A-AA7E30AD0EC9}.AppStore|x86.ActiveCfg = Release|x86
		{449D0BF8-BF56-4EF0-8C1A-AA7E30AD0EC9}.AppStore|x86.Build.0 = Release|x86
		{449D0BF8-BF56-4EF0-8C1A-AA7E30AD0EC9}.AppStore|x86.Deploy.0 = Release|x86
		{449D0BF8-BF56-4EF0-8C1A-AA7E30AD0EC9}.Debug|Any CPU.ActiveCfg = Debug|x86
		{449D0BF8-BF56-4EF0-8C1A-AA7E30AD0EC9}.Debug|ARM.ActiveCfg = Debug|ARM
		{449D0BF8-BF56-4EF0-8C1A-AA7E30AD0EC9}.Debug|ARM.Build.0 = Debug|ARM
		{449D0BF8-BF56-4EF0-8C1A-AA7E30AD0EC9}.Debug|ARM.Deploy.0 = Debug|ARM
		{449D0BF8-BF56-4EF0-8C1A-AA7E30AD0EC9}.Debug|iPhone.ActiveCfg = Debug|x86
		{449D0BF8-BF56-4EF0-8C1A-AA7E30AD0EC9}.Debug|iPhoneSimulator.ActiveCfg = Debug|x86
		{449D0BF8-BF56-4EF0-8C1A-AA7E30AD0EC9}.Debug|x64.ActiveCfg = Debug|x64
		{449D0BF8-BF56-4EF0-8C1A-AA7E30AD0EC9}.Debug|x64.Build.0 = Debug|x64
		{449D0BF8-BF56-4EF0-8C1A-AA7E30AD0EC9}.Debug|x64.Deploy.0 = Debug|x64
		{449D0BF8-BF56-4EF0-8C1A-AA7E30AD0EC9}.Debug|x86.ActiveCfg = Debug|x86
		{449D0BF8-BF56-4EF0-8C1A-AA7E30AD0EC9}.Debug|x86.Build.0 = Debug|x86
		{449D0BF8-BF56-4EF0-8C1A-AA7E30AD0EC9}.Debug|x86.Deploy.0 = Debug|x86
		{449D0BF8-BF56-4EF0-8C1A-AA7E30AD0EC9}.Release|Any CPU.ActiveCfg = Release|x86
		{449D0BF8-BF56-4EF0-8C1A-AA7E30AD0EC9}.Release|ARM.ActiveCfg = Release|ARM
		{449D0BF8-BF56-4EF0-8C1A-AA7E30AD0EC9}.Release|ARM.Build.0 = Release|ARM
		{449D0BF8-BF56-4EF0-8C1A-AA7E30AD0EC9}.Release|ARM.Deploy.0 = Release|ARM
		{449D0BF8-BF56-4EF0-8C1A-AA7E30AD0EC9}.Release|iPhone.ActiveCfg = Release|x86
		{449D0BF8-BF56-4EF0-8C1A-AA7E30AD0EC9}.Release|iPhoneSimulator.ActiveCfg = Release|x86
		{449D0BF8-BF56-4EF0-8C1A-AA7E30AD0EC9}.Release|x64.ActiveCfg = Release|x64
		{449D0BF8-BF56-4EF0-8C1A-AA7E30AD0EC9}.Release|x64.Build.0 = Release|x64
		{449D0BF8-BF56-4EF0-8C1A-AA7E30AD0EC9}.Release|x64.Deploy.0 = Release|x64
		{449D0BF8-BF56-4EF0-8C1A-AA7E30AD0EC9}.Release|x86.ActiveCfg = Release|x86
		{449D0BF8-BF56-4EF0-8C1A-AA7E30AD0EC9}.Release|x86.Build.0 = Release|x86
		{449D0BF8-BF56-4EF0-8C1A-AA7E30AD0EC9}.Release|x86.Deploy.0 = Release|x86
		{C228C473-CF1D-44FA-8544-6D5FC0F50664}.Ad-Hoc|Any CPU.ActiveCfg = Release|Any CPU
		{C228C473-CF1D-44FA-8544-6D5FC0F50664}.Ad-Hoc|Any CPU.Build.0 = Release|Any CPU
		{C228C473-CF1D-44FA-8544-6D5FC0F50664}.Ad-Hoc|Any CPU.Deploy.0 = Release|Any CPU
		{C228C473-CF1D-44FA-8544-6D5FC0F50664}.Ad-Hoc|ARM.ActiveCfg = Release|ARM
		{C228C473-CF1D-44FA-8544-6D5FC0F50664}.Ad-Hoc|ARM.Build.0 = Release|ARM
		{C228C473-CF1D-44FA-8544-6D5FC0F50664}.Ad-Hoc|ARM.Deploy.0 = Release|ARM
		{C228C473-CF1D-44FA-8544-6D5FC0F50664}.Ad-Hoc|iPhone.ActiveCfg = Release|Any CPU
		{C228C473-CF1D-44FA-8544-6D5FC0F50664}.Ad-Hoc|iPhone.Build.0 = Release|Any CPU
		{C228C473-CF1D-44FA-8544-6D5FC0F50664}.Ad-Hoc|iPhone.Deploy.0 = Release|Any CPU
		{C228C473-CF1D-44FA-8544-6D5FC0F50664}.Ad-Hoc|iPhoneSimulator.ActiveCfg = Release|Any CPU
		{C228C473-CF1D-44FA-8544-6D5FC0F50664}.Ad-Hoc|iPhoneSimulator.Build.0 = Release|Any CPU
		{C228C473-CF1D-44FA-8544-6D5FC0F50664}.Ad-Hoc|iPhoneSimulator.Deploy.0 = Release|Any CPU
		{C228C473-CF1D-44FA-8544-6D5FC0F50664}.Ad-Hoc|x64.ActiveCfg = Release|x64
		{C228C473-CF1D-44FA-8544-6D5FC0F50664}.Ad-Hoc|x64.Build.0 = Release|x64
		{C228C473-CF1D-44FA-8544-6D5FC0F50664}.Ad-Hoc|x64.Deploy.0 = Release|x64
		{C228C473-CF1D-44FA-8544-6D5FC0F50664}.Ad-Hoc|x86.ActiveCfg = Release|x86
		{C228C473-CF1D-44FA-8544-6D5FC0F50664}.Ad-Hoc|x86.Build.0 = Release|x86
		{C228C473-CF1D-44FA-8544-6D5FC0F50664}.Ad-Hoc|x86.Deploy.0 = Release|x86
		{C228C473-CF1D-44FA-8544-6D5FC0F50664}.AppStore|Any CPU.ActiveCfg = Release|Any CPU
		{C228C473-CF1D-44FA-8544-6D5FC0F50664}.AppStore|Any CPU.Build.0 = Release|Any CPU
		{C228C473-CF1D-44FA-8544-6D5FC0F50664}.AppStore|Any CPU.Deploy.0 = Release|Any CPU
		{C228C473-CF1D-44FA-8544-6D5FC0F50664}.AppStore|ARM.ActiveCfg = Release|ARM
		{C228C473-CF1D-44FA-8544-6D5FC0F50664}.AppStore|ARM.Build.0 = Release|ARM
		{C228C473-CF1D-44FA-8544-6D5FC0F50664}.AppStore|ARM.Deploy.0 = Release|ARM
		{C228C473-CF1D-44FA-8544-6D5FC0F50664}.AppStore|iPhone.ActiveCfg = Release|Any CPU
		{C228C473-CF1D-44FA-8544-6D5FC0F50664}.AppStore|iPhone.Build.0 = Release|Any CPU
		{C228C473-CF1D-44FA-8544-6D5FC0F50664}.AppStore|iPhone.Deploy.0 = Release|Any CPU
		{C228C473-CF1D-44FA-8544-6D5FC0F50664}.AppStore|iPhoneSimulator.ActiveCfg = Release|Any CPU
		{C228C473-CF1D-44FA-8544-6D5FC0F50664}.AppStore|iPhoneSimulator.Build.0 = Release|Any CPU
		{C228C473-CF1D-44FA-8544-6D5FC0F50664}.AppStore|iPhoneSimulator.Deploy.0 = Release|Any CPU
		{C228C473-CF1D-44FA-8544-6D5FC0F50664}.AppStore|x64.ActiveCfg = Release|x64
		{C228C473-CF1D-44FA-8544-6D5FC0F50664}.AppStore|x64.Build.0 = Release|x64
		{C228C473-CF1D-44FA-8544-6D5FC0F50664}.AppStore|x64.Deploy.0 = Release|x64
		{C228C473-CF1D-44FA-8544-6D5FC0F50664}.AppStore|x86.ActiveCfg = Release|x86
		{C228C473-CF1D-44FA-8544-6D5FC0F50664}.AppStore|x86.Build.0 = Release|x86
		{C228C473-CF1D-44FA-8544-6D5FC0F50664}.AppStore|x86.Deploy.0 = Release|x86
		{C228C473-CF1D-44FA-8544-6D5FC0F50664}.Debug|Any CPU.ActiveCfg = Debug|Any CPU
		{C228C473-CF1D-44FA-8544-6D5FC0F50664}.Debug|Any CPU.Build.0 = Debug|Any CPU
		{C228C473-CF1D-44FA-8544-6D5FC0F50664}.Debug|Any CPU.Deploy.0 = Debug|Any CPU
		{C228C473-CF1D-44FA-8544-6D5FC0F50664}.Debug|ARM.ActiveCfg = Debug|ARM
		{C228C473-CF1D-44FA-8544-6D5FC0F50664}.Debug|ARM.Build.0 = Debug|ARM
		{C228C473-CF1D-44FA-8544-6D5FC0F50664}.Debug|ARM.Deploy.0 = Debug|ARM
		{C228C473-CF1D-44FA-8544-6D5FC0F50664}.Debug|iPhone.ActiveCfg = Debug|Any CPU
		{C228C473-CF1D-44FA-8544-6D5FC0F50664}.Debug|iPhone.Build.0 = Debug|Any CPU
		{C228C473-CF1D-44FA-8544-6D5FC0F50664}.Debug|iPhone.Deploy.0 = Debug|Any CPU
		{C228C473-CF1D-44FA-8544-6D5FC0F50664}.Debug|iPhoneSimulator.ActiveCfg = Debug|Any CPU
		{C228C473-CF1D-44FA-8544-6D5FC0F50664}.Debug|iPhoneSimulator.Build.0 = Debug|Any CPU
		{C228C473-CF1D-44FA-8544-6D5FC0F50664}.Debug|iPhoneSimulator.Deploy.0 = Debug|Any CPU
		{C228C473-CF1D-44FA-8544-6D5FC0F50664}.Debug|x64.ActiveCfg = Debug|x64
		{C228C473-CF1D-44FA-8544-6D5FC0F50664}.Debug|x64.Build.0 = Debug|x64
		{C228C473-CF1D-44FA-8544-6D5FC0F50664}.Debug|x64.Deploy.0 = Debug|x64
		{C228C473-CF1D-44FA-8544-6D5FC0F50664}.Debug|x86.ActiveCfg = Debug|x86
		{C228C473-CF1D-44FA-8544-6D5FC0F50664}.Debug|x86.Build.0 = Debug|x86
		{C228C473-CF1D-44FA-8544-6D5FC0F50664}.Debug|x86.Deploy.0 = Debug|x86
		{C228C473-CF1D-44FA-8544-6D5FC0F50664}.Release|Any CPU.ActiveCfg = Release|Any CPU
		{C228C473-CF1D-44FA-8544-6D5FC0F50664}.Release|Any CPU.Build.0 = Release|Any CPU
		{C228C473-CF1D-44FA-8544-6D5FC0F50664}.Release|Any CPU.Deploy.0 = Release|Any CPU
		{C228C473-CF1D-44FA-8544-6D5FC0F50664}.Release|ARM.ActiveCfg = Release|ARM
		{C228C473-CF1D-44FA-8544-6D5FC0F50664}.Release|ARM.Build.0 = Release|ARM
		{C228C473-CF1D-44FA-8544-6D5FC0F50664}.Release|ARM.Deploy.0 = Release|ARM
		{C228C473-CF1D-44FA-8544-6D5FC0F50664}.Release|iPhone.ActiveCfg = Release|Any CPU
		{C228C473-CF1D-44FA-8544-6D5FC0F50664}.Release|iPhone.Build.0 = Release|Any CPU
		{C228C473-CF1D-44FA-8544-6D5FC0F50664}.Release|iPhone.Deploy.0 = Release|Any CPU
		{C228C473-CF1D-44FA-8544-6D5FC0F50664}.Release|iPhoneSimulator.ActiveCfg = Release|Any CPU
		{C228C473-CF1D-44FA-8544-6D5FC0F50664}.Release|iPhoneSimulator.Build.0 = Release|Any CPU
		{C228C473-CF1D-44FA-8544-6D5FC0F50664}.Release|iPhoneSimulator.Deploy.0 = Release|Any CPU
		{C228C473-CF1D-44FA-8544-6D5FC0F50664}.Release|x64.ActiveCfg = Release|x64
		{C228C473-CF1D-44FA-8544-6D5FC0F50664}.Release|x64.Build.0 = Release|x64
		{C228C473-CF1D-44FA-8544-6D5FC0F50664}.Release|x64.Deploy.0 = Release|x64
		{C228C473-CF1D-44FA-8544-6D5FC0F50664}.Release|x86.ActiveCfg = Release|x86
		{C228C473-CF1D-44FA-8544-6D5FC0F50664}.Release|x86.Build.0 = Release|x86
		{C228C473-CF1D-44FA-8544-6D5FC0F50664}.Release|x86.Deploy.0 = Release|x86
		{D82FC3B4-FBA0-43DD-8B8B-8F163C399339}.Ad-Hoc|Any CPU.ActiveCfg = Release|Any CPU
		{D82FC3B4-FBA0-43DD-8B8B-8F163C399339}.Ad-Hoc|Any CPU.Build.0 = Release|Any CPU
		{D82FC3B4-FBA0-43DD-8B8B-8F163C399339}.Ad-Hoc|ARM.ActiveCfg = Release|Any CPU
		{D82FC3B4-FBA0-43DD-8B8B-8F163C399339}.Ad-Hoc|ARM.Build.0 = Release|Any CPU
		{D82FC3B4-FBA0-43DD-8B8B-8F163C399339}.Ad-Hoc|iPhone.ActiveCfg = Release|Any CPU
		{D82FC3B4-FBA0-43DD-8B8B-8F163C399339}.Ad-Hoc|iPhone.Build.0 = Release|Any CPU
		{D82FC3B4-FBA0-43DD-8B8B-8F163C399339}.Ad-Hoc|iPhoneSimulator.ActiveCfg = Release|Any CPU
		{D82FC3B4-FBA0-43DD-8B8B-8F163C399339}.Ad-Hoc|iPhoneSimulator.Build.0 = Release|Any CPU
		{D82FC3B4-FBA0-43DD-8B8B-8F163C399339}.Ad-Hoc|x64.ActiveCfg = Release|Any CPU
		{D82FC3B4-FBA0-43DD-8B8B-8F163C399339}.Ad-Hoc|x64.Build.0 = Release|Any CPU
		{D82FC3B4-FBA0-43DD-8B8B-8F163C399339}.Ad-Hoc|x86.ActiveCfg = Release|Any CPU
		{D82FC3B4-FBA0-43DD-8B8B-8F163C399339}.Ad-Hoc|x86.Build.0 = Release|Any CPU
		{D82FC3B4-FBA0-43DD-8B8B-8F163C399339}.AppStore|Any CPU.ActiveCfg = Release|Any CPU
		{D82FC3B4-FBA0-43DD-8B8B-8F163C399339}.AppStore|Any CPU.Build.0 = Release|Any CPU
		{D82FC3B4-FBA0-43DD-8B8B-8F163C399339}.AppStore|ARM.ActiveCfg = Release|Any CPU
		{D82FC3B4-FBA0-43DD-8B8B-8F163C399339}.AppStore|ARM.Build.0 = Release|Any CPU
		{D82FC3B4-FBA0-43DD-8B8B-8F163C399339}.AppStore|iPhone.ActiveCfg = Release|Any CPU
		{D82FC3B4-FBA0-43DD-8B8B-8F163C399339}.AppStore|iPhone.Build.0 = Release|Any CPU
		{D82FC3B4-FBA0-43DD-8B8B-8F163C399339}.AppStore|iPhoneSimulator.ActiveCfg = Release|Any CPU
		{D82FC3B4-FBA0-43DD-8B8B-8F163C399339}.AppStore|iPhoneSimulator.Build.0 = Release|Any CPU
		{D82FC3B4-FBA0-43DD-8B8B-8F163C399339}.AppStore|x64.ActiveCfg = Release|Any CPU
		{D82FC3B4-FBA0-43DD-8B8B-8F163C399339}.AppStore|x64.Build.0 = Release|Any CPU
		{D82FC3B4-FBA0-43DD-8B8B-8F163C399339}.AppStore|x86.ActiveCfg = Release|Any CPU
		{D82FC3B4-FBA0-43DD-8B8B-8F163C399339}.AppStore|x86.Build.0 = Release|Any CPU
		{D82FC3B4-FBA0-43DD-8B8B-8F163C399339}.Debug|Any CPU.ActiveCfg = Debug|Any CPU
		{D82FC3B4-FBA0-43DD-8B8B-8F163C399339}.Debug|Any CPU.Build.0 = Debug|Any CPU
		{D82FC3B4-FBA0-43DD-8B8B-8F163C399339}.Debug|ARM.ActiveCfg = Debug|Any CPU
		{D82FC3B4-FBA0-43DD-8B8B-8F163C399339}.Debug|ARM.Build.0 = Debug|Any CPU
		{D82FC3B4-FBA0-43DD-8B8B-8F163C399339}.Debug|iPhone.ActiveCfg = Debug|Any CPU
		{D82FC3B4-FBA0-43DD-8B8B-8F163C399339}.Debug|iPhone.Build.0 = Debug|Any CPU
		{D82FC3B4-FBA0-43DD-8B8B-8F163C399339}.Debug|iPhoneSimulator.ActiveCfg = Debug|Any CPU
		{D82FC3B4-FBA0-43DD-8B8B-8F163C399339}.Debug|iPhoneSimulator.Build.0 = Debug|Any CPU
		{D82FC3B4-FBA0-43DD-8B8B-8F163C399339}.Debug|x64.ActiveCfg = Debug|Any CPU
		{D82FC3B4-FBA0-43DD-8B8B-8F163C399339}.Debug|x64.Build.0 = Debug|Any CPU
		{D82FC3B4-FBA0-43DD-8B8B-8F163C399339}.Debug|x86.ActiveCfg = Debug|Any CPU
		{D82FC3B4-FBA0-43DD-8B8B-8F163C399339}.Debug|x86.Build.0 = Debug|Any CPU
		{D82FC3B4-FBA0-43DD-8B8B-8F163C399339}.Release|Any CPU.ActiveCfg = Release|Any CPU
		{D82FC3B4-FBA0-43DD-8B8B-8F163C399339}.Release|Any CPU.Build.0 = Release|Any CPU
		{D82FC3B4-FBA0-43DD-8B8B-8F163C399339}.Release|ARM.ActiveCfg = Release|Any CPU
		{D82FC3B4-FBA0-43DD-8B8B-8F163C399339}.Release|ARM.Build.0 = Release|Any CPU
		{D82FC3B4-FBA0-43DD-8B8B-8F163C399339}.Release|iPhone.ActiveCfg = Release|Any CPU
		{D82FC3B4-FBA0-43DD-8B8B-8F163C399339}.Release|iPhone.Build.0 = Release|Any CPU
		{D82FC3B4-FBA0-43DD-8B8B-8F163C399339}.Release|iPhoneSimulator.ActiveCfg = Release|Any CPU
		{D82FC3B4-FBA0-43DD-8B8B-8F163C399339}.Release|iPhoneSimulator.Build.0 = Release|Any CPU
		{D82FC3B4-FBA0-43DD-8B8B-8F163C399339}.Release|x64.ActiveCfg = Release|Any CPU
		{D82FC3B4-FBA0-43DD-8B8B-8F163C399339}.Release|x64.Build.0 = Release|Any CPU
		{D82FC3B4-FBA0-43DD-8B8B-8F163C399339}.Release|x86.ActiveCfg = Release|Any CPU
		{D82FC3B4-FBA0-43DD-8B8B-8F163C399339}.Release|x86.Build.0 = Release|Any CPU
		{7CC10B81-200D-4721-8EC7-AFDAE7B8D685}.Ad-Hoc|Any CPU.ActiveCfg = Release|Any CPU
		{7CC10B81-200D-4721-8EC7-AFDAE7B8D685}.Ad-Hoc|Any CPU.Build.0 = Release|Any CPU
		{7CC10B81-200D-4721-8EC7-AFDAE7B8D685}.Ad-Hoc|ARM.ActiveCfg = Release|Any CPU
		{7CC10B81-200D-4721-8EC7-AFDAE7B8D685}.Ad-Hoc|ARM.Build.0 = Release|Any CPU
		{7CC10B81-200D-4721-8EC7-AFDAE7B8D685}.Ad-Hoc|iPhone.ActiveCfg = Release|Any CPU
		{7CC10B81-200D-4721-8EC7-AFDAE7B8D685}.Ad-Hoc|iPhone.Build.0 = Release|Any CPU
		{7CC10B81-200D-4721-8EC7-AFDAE7B8D685}.Ad-Hoc|iPhoneSimulator.ActiveCfg = Release|Any CPU
		{7CC10B81-200D-4721-8EC7-AFDAE7B8D685}.Ad-Hoc|iPhoneSimulator.Build.0 = Release|Any CPU
		{7CC10B81-200D-4721-8EC7-AFDAE7B8D685}.Ad-Hoc|x64.ActiveCfg = Release|Any CPU
		{7CC10B81-200D-4721-8EC7-AFDAE7B8D685}.Ad-Hoc|x64.Build.0 = Release|Any CPU
		{7CC10B81-200D-4721-8EC7-AFDAE7B8D685}.Ad-Hoc|x86.ActiveCfg = Release|Any CPU
		{7CC10B81-200D-4721-8EC7-AFDAE7B8D685}.Ad-Hoc|x86.Build.0 = Release|Any CPU
		{7CC10B81-200D-4721-8EC7-AFDAE7B8D685}.AppStore|Any CPU.ActiveCfg = Release|Any CPU
		{7CC10B81-200D-4721-8EC7-AFDAE7B8D685}.AppStore|Any CPU.Build.0 = Release|Any CPU
		{7CC10B81-200D-4721-8EC7-AFDAE7B8D685}.AppStore|ARM.ActiveCfg = Release|Any CPU
		{7CC10B81-200D-4721-8EC7-AFDAE7B8D685}.AppStore|ARM.Build.0 = Release|Any CPU
		{7CC10B81-200D-4721-8EC7-AFDAE7B8D685}.AppStore|iPhone.ActiveCfg = Release|Any CPU
		{7CC10B81-200D-4721-8EC7-AFDAE7B8D685}.AppStore|iPhone.Build.0 = Release|Any CPU
		{7CC10B81-200D-4721-8EC7-AFDAE7B8D685}.AppStore|iPhoneSimulator.ActiveCfg = Release|Any CPU
		{7CC10B81-200D-4721-8EC7-AFDAE7B8D685}.AppStore|iPhoneSimulator.Build.0 = Release|Any CPU
		{7CC10B81-200D-4721-8EC7-AFDAE7B8D685}.AppStore|x64.ActiveCfg = Release|Any CPU
		{7CC10B81-200D-4721-8EC7-AFDAE7B8D685}.AppStore|x64.Build.0 = Release|Any CPU
		{7CC10B81-200D-4721-8EC7-AFDAE7B8D685}.AppStore|x86.ActiveCfg = Release|Any CPU
		{7CC10B81-200D-4721-8EC7-AFDAE7B8D685}.AppStore|x86.Build.0 = Release|Any CPU
		{7CC10B81-200D-4721-8EC7-AFDAE7B8D685}.Debug|Any CPU.ActiveCfg = Debug|Any CPU
		{7CC10B81-200D-4721-8EC7-AFDAE7B8D685}.Debug|Any CPU.Build.0 = Debug|Any CPU
		{7CC10B81-200D-4721-8EC7-AFDAE7B8D685}.Debug|ARM.ActiveCfg = Debug|Any CPU
		{7CC10B81-200D-4721-8EC7-AFDAE7B8D685}.Debug|ARM.Build.0 = Debug|Any CPU
		{7CC10B81-200D-4721-8EC7-AFDAE7B8D685}.Debug|iPhone.ActiveCfg = Debug|Any CPU
		{7CC10B81-200D-4721-8EC7-AFDAE7B8D685}.Debug|iPhone.Build.0 = Debug|Any CPU
		{7CC10B81-200D-4721-8EC7-AFDAE7B8D685}.Debug|iPhoneSimulator.ActiveCfg = Debug|Any CPU
		{7CC10B81-200D-4721-8EC7-AFDAE7B8D685}.Debug|iPhoneSimulator.Build.0 = Debug|Any CPU
		{7CC10B81-200D-4721-8EC7-AFDAE7B8D685}.Debug|x64.ActiveCfg = Debug|Any CPU
		{7CC10B81-200D-4721-8EC7-AFDAE7B8D685}.Debug|x64.Build.0 = Debug|Any CPU
		{7CC10B81-200D-4721-8EC7-AFDAE7B8D685}.Debug|x86.ActiveCfg = Debug|Any CPU
		{7CC10B81-200D-4721-8EC7-AFDAE7B8D685}.Debug|x86.Build.0 = Debug|Any CPU
		{7CC10B81-200D-4721-8EC7-AFDAE7B8D685}.Release|Any CPU.ActiveCfg = Release|Any CPU
		{7CC10B81-200D-4721-8EC7-AFDAE7B8D685}.Release|Any CPU.Build.0 = Release|Any CPU
		{7CC10B81-200D-4721-8EC7-AFDAE7B8D685}.Release|ARM.ActiveCfg = Release|Any CPU
		{7CC10B81-200D-4721-8EC7-AFDAE7B8D685}.Release|ARM.Build.0 = Release|Any CPU
		{7CC10B81-200D-4721-8EC7-AFDAE7B8D685}.Release|iPhone.ActiveCfg = Release|Any CPU
		{7CC10B81-200D-4721-8EC7-AFDAE7B8D685}.Release|iPhone.Build.0 = Release|Any CPU
		{7CC10B81-200D-4721-8EC7-AFDAE7B8D685}.Release|iPhoneSimulator.ActiveCfg = Release|Any CPU
		{7CC10B81-200D-4721-8EC7-AFDAE7B8D685}.Release|iPhoneSimulator.Build.0 = Release|Any CPU
		{7CC10B81-200D-4721-8EC7-AFDAE7B8D685}.Release|x64.ActiveCfg = Release|Any CPU
		{7CC10B81-200D-4721-8EC7-AFDAE7B8D685}.Release|x64.Build.0 = Release|Any CPU
		{7CC10B81-200D-4721-8EC7-AFDAE7B8D685}.Release|x86.ActiveCfg = Release|Any CPU
		{7CC10B81-200D-4721-8EC7-AFDAE7B8D685}.Release|x86.Build.0 = Release|Any CPU
	EndGlobalSection
	GlobalSection(SolutionProperties) = preSolution
		HideSolutionNode = FALSE
	EndGlobalSection
	GlobalSection(NestedProjects) = preSolution
		{7CC10B81-200D-4721-8EC7-AFDAE7B8D685} = {35857AE7-DDAB-479A-9174-6794F9F4EACC}
	EndGlobalSection
EndGlobal
